// !$*UTF8*$!
{
	archiveVersion = 1;
	classes = {
	};
	objectVersion = 46;
	objects = {

/* Begin PBXBuildFile section */
		3E628E601B248BDB00A9E560 /* AppDelegate.swift in Sources */ = {isa = PBXBuildFile; fileRef = 3E628E5F1B248BDB00A9E560 /* AppDelegate.swift */; };
		3E628E621B248BDB00A9E560 /* ViewController.swift in Sources */ = {isa = PBXBuildFile; fileRef = 3E628E611B248BDB00A9E560 /* ViewController.swift */; };
		3E628E651B248BDB00A9E560 /* Main.storyboard in Resources */ = {isa = PBXBuildFile; fileRef = 3E628E631B248BDB00A9E560 /* Main.storyboard */; };
		3E628E671B248BDB00A9E560 /* Images.xcassets in Resources */ = {isa = PBXBuildFile; fileRef = 3E628E661B248BDB00A9E560 /* Images.xcassets */; };
		3E628E6A1B248BDB00A9E560 /* LaunchScreen.xib in Resources */ = {isa = PBXBuildFile; fileRef = 3E628E681B248BDB00A9E560 /* LaunchScreen.xib */; };
		3E628E761B248BDB00A9E560 /* MarkingMenuTests.swift in Sources */ = {isa = PBXBuildFile; fileRef = 3E628E751B248BDB00A9E560 /* MarkingMenuTests.swift */; };
		3E96459B1B329C5700522A38 /* FMMarkingMenu.swift in Sources */ = {isa = PBXBuildFile; fileRef = 3E96459A1B329C5700522A38 /* FMMarkingMenu.swift */; };
		3E96459E1B329FDE00522A38 /* FMMarkingMenuContentViewController.swift in Sources */ = {isa = PBXBuildFile; fileRef = 3E96459D1B329FDE00522A38 /* FMMarkingMenuContentViewController.swift */; };
		3E9645A01B332B5B00522A38 /* FMMarkingMenuSupportClasses.swift in Sources */ = {isa = PBXBuildFile; fileRef = 3E96459F1B332B5B00522A38 /* FMMarkingMenuSupportClasses.swift */; };
		BEDA5EB31B352A3F002118B0 /* photo.jpg in Resources */ = {isa = PBXBuildFile; fileRef = BEDA5EB21B352A3F002118B0 /* photo.jpg */; };
		BEDA5EB51B3577B5002118B0 /* markingMenu.gif in Resources */ = {isa = PBXBuildFile; fileRef = BEDA5EB41B3577B5002118B0 /* markingMenu.gif */; };
/* End PBXBuildFile section */

/* Begin PBXContainerItemProxy section */
		3E628E701B248BDB00A9E560 /* PBXContainerItemProxy */ = {
			isa = PBXContainerItemProxy;
			containerPortal = 3E628E521B248BDB00A9E560 /* Project object */;
			proxyType = 1;
			remoteGlobalIDString = 3E628E591B248BDB00A9E560;
			remoteInfo = MarkingMenu;
		};
/* End PBXContainerItemProxy section */

/* Begin PBXFileReference section */
		3E628E5A1B248BDB00A9E560 /* MarkingMenu.app */ = {isa = PBXFileReference; explicitFileType = wrapper.application; includeInIndex = 0; path = MarkingMenu.app; sourceTree = BUILT_PRODUCTS_DIR; };
		3E628E5E1B248BDB00A9E560 /* Info.plist */ = {isa = PBXFileReference; lastKnownFileType = text.plist.xml; path = Info.plist; sourceTree = "<group>"; };
		3E628E5F1B248BDB00A9E560 /* AppDelegate.swift */ = {isa = PBXFileReference; lastKnownFileType = sourcecode.swift; path = AppDelegate.swift; sourceTree = "<group>"; };
		3E628E611B248BDB00A9E560 /* ViewController.swift */ = {isa = PBXFileReference; lastKnownFileType = sourcecode.swift; path = ViewController.swift; sourceTree = "<group>"; };
		3E628E641B248BDB00A9E560 /* Base */ = {isa = PBXFileReference; lastKnownFileType = file.storyboard; name = Base; path = Base.lproj/Main.storyboard; sourceTree = "<group>"; };
		3E628E661B248BDB00A9E560 /* Images.xcassets */ = {isa = PBXFileReference; lastKnownFileType = folder.assetcatalog; path = Images.xcassets; sourceTree = "<group>"; };
		3E628E691B248BDB00A9E560 /* Base */ = {isa = PBXFileReference; lastKnownFileType = file.xib; name = Base; path = Base.lproj/LaunchScreen.xib; sourceTree = "<group>"; };
		3E628E6F1B248BDB00A9E560 /* MarkingMenuTests.xctest */ = {isa = PBXFileReference; explicitFileType = wrapper.cfbundle; includeInIndex = 0; path = MarkingMenuTests.xctest; sourceTree = BUILT_PRODUCTS_DIR; };
		3E628E741B248BDB00A9E560 /* Info.plist */ = {isa = PBXFileReference; lastKnownFileType = text.plist.xml; path = Info.plist; sourceTree = "<group>"; };
		3E628E751B248BDB00A9E560 /* MarkingMenuTests.swift */ = {isa = PBXFileReference; lastKnownFileType = sourcecode.swift; path = MarkingMenuTests.swift; sourceTree = "<group>"; };
		3E96459A1B329C5700522A38 /* FMMarkingMenu.swift */ = {isa = PBXFileReference; fileEncoding = 4; lastKnownFileType = sourcecode.swift; path = FMMarkingMenu.swift; sourceTree = "<group>"; };
		3E96459C1B329FB300522A38 /* Header.h */ = {isa = PBXFileReference; lastKnownFileType = sourcecode.c.h; path = Header.h; sourceTree = "<group>"; };
		3E96459D1B329FDE00522A38 /* FMMarkingMenuContentViewController.swift */ = {isa = PBXFileReference; fileEncoding = 4; lastKnownFileType = sourcecode.swift; path = FMMarkingMenuContentViewController.swift; sourceTree = "<group>"; };
		3E96459F1B332B5B00522A38 /* FMMarkingMenuSupportClasses.swift */ = {isa = PBXFileReference; fileEncoding = 4; lastKnownFileType = sourcecode.swift; path = FMMarkingMenuSupportClasses.swift; sourceTree = "<group>"; };
		BEDA5EB21B352A3F002118B0 /* photo.jpg */ = {isa = PBXFileReference; lastKnownFileType = image.jpeg; name = photo.jpg; path = assets/photo.jpg; sourceTree = "<group>"; };
		BEDA5EB41B3577B5002118B0 /* markingMenu.gif */ = {isa = PBXFileReference; lastKnownFileType = image.gif; path = markingMenu.gif; sourceTree = "<group>"; };
/* End PBXFileReference section */

/* Begin PBXFrameworksBuildPhase section */
		3E628E571B248BDB00A9E560 /* Frameworks */ = {
			isa = PBXFrameworksBuildPhase;
			buildActionMask = 2147483647;
			files = (
			);
			runOnlyForDeploymentPostprocessing = 0;
		};
		3E628E6C1B248BDB00A9E560 /* Frameworks */ = {
			isa = PBXFrameworksBuildPhase;
			buildActionMask = 2147483647;
			files = (
			);
			runOnlyForDeploymentPostprocessing = 0;
		};
/* End PBXFrameworksBuildPhase section */

/* Begin PBXGroup section */
		3E628E511B248BDB00A9E560 = {
			isa = PBXGroup;
			children = (
				3E628E5C1B248BDB00A9E560 /* MarkingMenu */,
				3E628E721B248BDB00A9E560 /* MarkingMenuTests */,
				3E628E5B1B248BDB00A9E560 /* Products */,
			);
			sourceTree = "<group>";
		};
		3E628E5B1B248BDB00A9E560 /* Products */ = {
			isa = PBXGroup;
			children = (
				3E628E5A1B248BDB00A9E560 /* MarkingMenu.app */,
				3E628E6F1B248BDB00A9E560 /* MarkingMenuTests.xctest */,
			);
			name = Products;
			sourceTree = "<group>";
		};
		3E628E5C1B248BDB00A9E560 /* MarkingMenu */ = {
			isa = PBXGroup;
			children = (
				BEDA5EB11B352A31002118B0 /* assets */,
				3EB653F21B329B29006D1AB7 /* FMMarkingMenu */,
				3E628E5F1B248BDB00A9E560 /* AppDelegate.swift */,
				3E628E611B248BDB00A9E560 /* ViewController.swift */,
				3E628E631B248BDB00A9E560 /* Main.storyboard */,
				3E628E661B248BDB00A9E560 /* Images.xcassets */,
				3E628E681B248BDB00A9E560 /* LaunchScreen.xib */,
				3E628E5D1B248BDB00A9E560 /* Supporting Files */,
			);
			path = MarkingMenu;
			sourceTree = "<group>";
		};
		3E628E5D1B248BDB00A9E560 /* Supporting Files */ = {
			isa = PBXGroup;
			children = (
				3E628E5E1B248BDB00A9E560 /* Info.plist */,
			);
			name = "Supporting Files";
			sourceTree = "<group>";
		};
		3E628E721B248BDB00A9E560 /* MarkingMenuTests */ = {
			isa = PBXGroup;
			children = (
				3E628E751B248BDB00A9E560 /* MarkingMenuTests.swift */,
				3E628E731B248BDB00A9E560 /* Supporting Files */,
			);
			path = MarkingMenuTests;
			sourceTree = "<group>";
		};
		3E628E731B248BDB00A9E560 /* Supporting Files */ = {
			isa = PBXGroup;
			children = (
				3E628E741B248BDB00A9E560 /* Info.plist */,
			);
			name = "Supporting Files";
			sourceTree = "<group>";
		};
		3EB653F21B329B29006D1AB7 /* FMMarkingMenu */ = {
			isa = PBXGroup;
			children = (
				3E96459D1B329FDE00522A38 /* FMMarkingMenuContentViewController.swift */,
				3E96459A1B329C5700522A38 /* FMMarkingMenu.swift */,
				3E96459C1B329FB300522A38 /* Header.h */,
				3E96459F1B332B5B00522A38 /* FMMarkingMenuSupportClasses.swift */,
			);
			name = FMMarkingMenu;
			sourceTree = "<group>";
		};
		BEDA5EB11B352A31002118B0 /* assets */ = {
			isa = PBXGroup;
			children = (
				BEDA5EB41B3577B5002118B0 /* markingMenu.gif */,
				BEDA5EB21B352A3F002118B0 /* photo.jpg */,
			);
			name = assets;
			sourceTree = "<group>";
		};
/* End PBXGroup section */

/* Begin PBXNativeTarget section */
		3E628E591B248BDB00A9E560 /* MarkingMenu */ = {
			isa = PBXNativeTarget;
			buildConfigurationList = 3E628E791B248BDB00A9E560 /* Build configuration list for PBXNativeTarget "MarkingMenu" */;
			buildPhases = (
				3E628E561B248BDB00A9E560 /* Sources */,
				3E628E571B248BDB00A9E560 /* Frameworks */,
				3E628E581B248BDB00A9E560 /* Resources */,
			);
			buildRules = (
			);
			dependencies = (
			);
			name = MarkingMenu;
			productName = MarkingMenu;
			productReference = 3E628E5A1B248BDB00A9E560 /* MarkingMenu.app */;
			productType = "com.apple.product-type.application";
		};
		3E628E6E1B248BDB00A9E560 /* MarkingMenuTests */ = {
			isa = PBXNativeTarget;
			buildConfigurationList = 3E628E7C1B248BDB00A9E560 /* Build configuration list for PBXNativeTarget "MarkingMenuTests" */;
			buildPhases = (
				3E628E6B1B248BDB00A9E560 /* Sources */,
				3E628E6C1B248BDB00A9E560 /* Frameworks */,
				3E628E6D1B248BDB00A9E560 /* Resources */,
			);
			buildRules = (
			);
			dependencies = (
				3E628E711B248BDB00A9E560 /* PBXTargetDependency */,
			);
			name = MarkingMenuTests;
			productName = MarkingMenuTests;
			productReference = 3E628E6F1B248BDB00A9E560 /* MarkingMenuTests.xctest */;
			productType = "com.apple.product-type.bundle.unit-test";
		};
/* End PBXNativeTarget section */

/* Begin PBXProject section */
		3E628E521B248BDB00A9E560 /* Project object */ = {
			isa = PBXProject;
			attributes = {
				LastUpgradeCheck = 0630;
				ORGANIZATIONNAME = "Simon Gladman";
				TargetAttributes = {
					3E628E591B248BDB00A9E560 = {
						CreatedOnToolsVersion = 6.3.2;
					};
					3E628E6E1B248BDB00A9E560 = {
						CreatedOnToolsVersion = 6.3.2;
						TestTargetID = 3E628E591B248BDB00A9E560;
					};
				};
			};
			buildConfigurationList = 3E628E551B248BDB00A9E560 /* Build configuration list for PBXProject "MarkingMenu" */;
			compatibilityVersion = "Xcode 3.2";
			developmentRegion = English;
			hasScannedForEncodings = 0;
			knownRegions = (
				en,
				Base,
			);
			mainGroup = 3E628E511B248BDB00A9E560;
			productRefGroup = 3E628E5B1B248BDB00A9E560 /* Products */;
			projectDirPath = "";
			projectRoot = "";
			targets = (
				3E628E591B248BDB00A9E560 /* MarkingMenu */,
				3E628E6E1B248BDB00A9E560 /* MarkingMenuTests */,
			);
		};
/* End PBXProject section */

/* Begin PBXResourcesBuildPhase section */
		3E628E581B248BDB00A9E560 /* Resources */ = {
			isa = PBXResourcesBuildPhase;
			buildActionMask = 2147483647;
			files = (
				3E628E651B248BDB00A9E560 /* Main.storyboard in Resources */,
				3E628E6A1B248BDB00A9E560 /* LaunchScreen.xib in Resources */,
				BEDA5EB31B352A3F002118B0 /* photo.jpg in Resources */,
				3E628E671B248BDB00A9E560 /* Images.xcassets in Resources */,
				BEDA5EB51B3577B5002118B0 /* markingMenu.gif in Resources */,
			);
			runOnlyForDeploymentPostprocessing = 0;
		};
		3E628E6D1B248BDB00A9E560 /* Resources */ = {
			isa = PBXResourcesBuildPhase;
			buildActionMask = 2147483647;
			files = (
			);
			runOnlyForDeploymentPostprocessing = 0;
		};
/* End PBXResourcesBuildPhase section */

/* Begin PBXSourcesBuildPhase section */
		3E628E561B248BDB00A9E560 /* Sources */ = {
			isa = PBXSourcesBuildPhase;
			buildActionMask = 2147483647;
			files = (
				3E96459E1B329FDE00522A38 /* FMMarkingMenuContentViewController.swift in Sources */,
				3E628E621B248BDB00A9E560 /* ViewController.swift in Sources */,
				3E9645A01B332B5B00522A38 /* FMMarkingMenuSupportClasses.swift in Sources */,
				3E628E601B248BDB00A9E560 /* AppDelegate.swift in Sources */,
				3E96459B1B329C5700522A38 /* FMMarkingMenu.swift in Sources */,
			);
			runOnlyForDeploymentPostprocessing = 0;
		};
		3E628E6B1B248BDB00A9E560 /* Sources */ = {
			isa = PBXSourcesBuildPhase;
			buildActionMask = 2147483647;
			files = (
				3E628E761B248BDB00A9E560 /* MarkingMenuTests.swift in Sources */,
			);
			runOnlyForDeploymentPostprocessing = 0;
		};
/* End PBXSourcesBuildPhase section */

/* Begin PBXTargetDependency section */
		3E628E711B248BDB00A9E560 /* PBXTargetDependency */ = {
			isa = PBXTargetDependency;
			target = 3E628E591B248BDB00A9E560 /* MarkingMenu */;
			targetProxy = 3E628E701B248BDB00A9E560 /* PBXContainerItemProxy */;
		};
/* End PBXTargetDependency section */

/* Begin PBXVariantGroup section */
		3E628E631B248BDB00A9E560 /* Main.storyboard */ = {
			isa = PBXVariantGroup;
			children = (
				3E628E641B248BDB00A9E560 /* Base */,
			);
			name = Main.storyboard;
			sourceTree = "<group>";
		};
		3E628E681B248BDB00A9E560 /* LaunchScreen.xib */ = {
			isa = PBXVariantGroup;
			children = (
				3E628E691B248BDB00A9E560 /* Base */,
			);
			name = LaunchScreen.xib;
			sourceTree = "<group>";
		};
/* End PBXVariantGroup section */

/* Begin XCBuildConfiguration section */
		3E628E771B248BDB00A9E560 /* Debug */ = {
			isa = XCBuildConfiguration;
			buildSettings = {
				ALWAYS_SEARCH_USER_PATHS = NO;
				CLANG_CXX_LANGUAGE_STANDARD = "gnu++0x";
				CLANG_CXX_LIBRARY = "libc++";
				CLANG_ENABLE_MODULES = YES;
				CLANG_ENABLE_OBJC_ARC = YES;
				CLANG_WARN_BOOL_CONVERSION = YES;
				CLANG_WARN_CONSTANT_CONVERSION = YES;
				CLANG_WARN_DIRECT_OBJC_ISA_USAGE = YES_ERROR;
				CLANG_WARN_EMPTY_BODY = YES;
				CLANG_WARN_ENUM_CONVERSION = YES;
				CLANG_WARN_INT_CONVERSION = YES;
				CLANG_WARN_OBJC_ROOT_CLASS = YES_ERROR;
				CLANG_WARN_UNREACHABLE_CODE = YES;
				CLANG_WARN__DUPLICATE_METHOD_MATCH = YES;
				"CODE_SIGN_IDENTITY[sdk=iphoneos*]" = "iPhone Developer";
				COPY_PHASE_STRIP = NO;
				DEBUG_INFORMATION_FORMAT = "dwarf-with-dsym";
				ENABLE_STRICT_OBJC_MSGSEND = YES;
				GCC_C_LANGUAGE_STANDARD = gnu99;
				GCC_DYNAMIC_NO_PIC = NO;
				GCC_NO_COMMON_BLOCKS = YES;
				GCC_OPTIMIZATION_LEVEL = 0;
				GCC_PREPROCESSOR_DEFINITIONS = (
					"DEBUG=1",
					"$(inherited)",
				);
				GCC_SYMBOLS_PRIVATE_EXTERN = NO;
				GCC_WARN_64_TO_32_BIT_CONVERSION = YES;
				GCC_WARN_ABOUT_RETURN_TYPE = YES_ERROR;
				GCC_WARN_UNDECLARED_SELECTOR = YES;
				GCC_WARN_UNINITIALIZED_AUTOS = YES_AGGRESSIVE;
				GCC_WARN_UNUSED_FUNCTION = YES;
				GCC_WARN_UNUSED_VARIABLE = YES;
				IPHONEOS_DEPLOYMENT_TARGET = 8.3;
				MTL_ENABLE_DEBUG_INFO = YES;
				ONLY_ACTIVE_ARCH = YES;
				SDKROOT = iphoneos;
				SWIFT_OBJC_BRIDGING_HEADER = MarkingMenu/Header.h;
				SWIFT_OPTIMIZATION_LEVEL = "-Onone";
				TARGETED_DEVICE_FAMILY = 2;
			};
			name = Debug;
		};
		3E628E781B248BDB00A9E560 /* Release */ = {
			isa = XCBuildConfiguration;
			buildSettings = {
				ALWAYS_SEARCH_USER_PATHS = NO;
				CLANG_CXX_LANGUAGE_STANDARD = "gnu++0x";
				CLANG_CXX_LIBRARY = "libc++";
				CLANG_ENABLE_MODULES = YES;
				CLANG_ENABLE_OBJC_ARC = YES;
				CLANG_WARN_BOOL_CONVERSION = YES;
				CLANG_WARN_CONSTANT_CONVERSION = YES;
				CLANG_WARN_DIRECT_OBJC_ISA_USAGE = YES_ERROR;
				CLANG_WARN_EMPTY_BODY = YES;
				CLANG_WARN_ENUM_CONVERSION = YES;
				CLANG_WARN_INT_CONVERSION = YES;
				CLANG_WARN_OBJC_ROOT_CLASS = YES_ERROR;
				CLANG_WARN_UNREACHABLE_CODE = YES;
				CLANG_WARN__DUPLICATE_METHOD_MATCH = YES;
				"CODE_SIGN_IDENTITY[sdk=iphoneos*]" = "iPhone Developer";
				COPY_PHASE_STRIP = NO;
				DEBUG_INFORMATION_FORMAT = "dwarf-with-dsym";
				ENABLE_NS_ASSERTIONS = NO;
				ENABLE_STRICT_OBJC_MSGSEND = YES;
				GCC_C_LANGUAGE_STANDARD = gnu99;
				GCC_NO_COMMON_BLOCKS = YES;
				GCC_WARN_64_TO_32_BIT_CONVERSION = YES;
				GCC_WARN_ABOUT_RETURN_TYPE = YES_ERROR;
				GCC_WARN_UNDECLARED_SELECTOR = YES;
				GCC_WARN_UNINITIALIZED_AUTOS = YES_AGGRESSIVE;
				GCC_WARN_UNUSED_FUNCTION = YES;
				GCC_WARN_UNUSED_VARIABLE = YES;
				IPHONEOS_DEPLOYMENT_TARGET = 8.3;
				MTL_ENABLE_DEBUG_INFO = NO;
				SDKROOT = iphoneos;
				SWIFT_OBJC_BRIDGING_HEADER = MarkingMenu/Header.h;
				TARGETED_DEVICE_FAMILY = 2;
				VALIDATE_PRODUCT = YES;
			};
			name = Release;
		};
		3E628E7A1B248BDB00A9E560 /* Debug */ = {
			isa = XCBuildConfiguration;
			buildSettings = {
				ASSETCATALOG_COMPILER_APPICON_NAME = AppIcon;
				INFOPLIST_FILE = MarkingMenu/Info.plist;
				LD_RUNPATH_SEARCH_PATHS = "$(inherited) @executable_path/Frameworks";
				PRODUCT_NAME = "$(TARGET_NAME)";
			};
			name = Debug;
		};
		3E628E7B1B248BDB00A9E560 /* Release */ = {
			isa = XCBuildConfiguration;
			buildSettings = {
				ASSETCATALOG_COMPILER_APPICON_NAME = AppIcon;
				INFOPLIST_FILE = MarkingMenu/Info.plist;
				LD_RUNPATH_SEARCH_PATHS = "$(inherited) @executable_path/Frameworks";
				PRODUCT_NAME = "$(TARGET_NAME)";
			};
			name = Release;
		};
		3E628E7D1B248BDB00A9E560 /* Debug */ = {
			isa = XCBuildConfiguration;
			buildSettings = {
				BUNDLE_LOADER = "$(TEST_HOST)";
				FRAMEWORK_SEARCH_PATHS = (
					"$(SDKROOT)/Developer/Library/Frameworks",
					"$(inherited)",
				);
				GCC_PREPROCESSOR_DEFINITIONS = (
					"DEBUG=1",
					"$(inherited)",
				);
				INFOPLIST_FILE = MarkingMenuTests/Info.plist;
				LD_RUNPATH_SEARCH_PATHS = "$(inherited) @executable_path/Frameworks @loader_path/Frameworks";
				PRODUCT_NAME = "$(TARGET_NAME)";
				TEST_HOST = "$(BUILT_PRODUCTS_DIR)/MarkingMenu.app/MarkingMenu";
			};
			name = Debug;
		};
		3E628E7E1B248BDB00A9E560 /* Release */ = {
			isa = XCBuildConfiguration;
			buildSettings = {
				BUNDLE_LOADER = "$(TEST_HOST)";
				FRAMEWORK_SEARCH_PATHS = (
					"$(SDKROOT)/Developer/Library/Frameworks",
					"$(inherited)",
				);
				INFOPLIST_FILE = MarkingMenuTests/Info.plist;
				LD_RUNPATH_SEARCH_PATHS = "$(inherited) @executable_path/Frameworks @loader_path/Frameworks";
				PRODUCT_NAME = "$(TARGET_NAME)";
				TEST_HOST = "$(BUILT_PRODUCTS_DIR)/MarkingMenu.app/MarkingMenu";
			};
			name = Release;
		};
/* End XCBuildConfiguration section */

/* Begin XCConfigurationList section */
		3E628E551B248BDB00A9E560 /* Build configuration list for PBXProject "MarkingMenu" */ = {
			isa = XCConfigurationList;
			buildConfigurations = (
				3E628E771B248BDB00A9E560 /* Debug */,
				3E628E781B248BDB00A9E560 /* Release */,
			);
			defaultConfigurationIsVisible = 0;
			defaultConfigurationName = Release;
		};
		3E628E791B248BDB00A9E560 /* Build configuration list for PBXNativeTarget "MarkingMenu" */ = {
			isa = XCConfigurationList;
			buildConfigurations = (
				3E628E7A1B248BDB00A9E560 /* Debug */,
				3E628E7B1B248BDB00A9E560 /* Release */,
			);
			defaultConfigurationIsVisible = 0;
			defaultConfigurationName = Release;
		};
		3E628E7C1B248BDB00A9E560 /* Build configuration list for PBXNativeTarget "MarkingMenuTests" */ = {
			isa = XCConfigurationList;
			buildConfigurations = (
				3E628E7D1B248BDB00A9E560 /* Debug */,
				3E628E7E1B248BDB00A9E560 /* Release */,
			);
			defaultConfigurationIsVisible = 0;
			defaultConfigurationName = Release;
		};
/* End XCConfigurationList section */
	};
	rootObject = 3E628E521B248BDB00A9E560 /* Project object */;
}
